
Microsoft Visual Studio Solution File, Format Version 12.00
# Visual Studio Version 17
VisualStudioVersion = 17.2.32616.157
MinimumVisualStudioVersion = 10.0.40219.1
Project("{9A19103F-16F7-4668-BE54-9A1E7A4F7556}") = "RookiesControllerUT", "RookiesControllerUT.csproj", "{C14654EB-0F4A-4C9E-9984-93AC64CCEC28}"
EndProject
Project("{9A19103F-16F7-4668-BE54-9A1E7A4F7556}") = "ASP.NET MVC #3", "..\ASP.NET MVC #3\ASP.NET MVC #3.csproj", "{8D1901AC-5124-4342-B42B-39285F827FDA}"
EndProject
Global
	GlobalSection(SolutionConfigurationPlatforms) = preSolution
		Debug|Any CPU = Debug|Any CPU
		Release|Any CPU = Release|Any CPU
	EndGlobalSection
	GlobalSection(ProjectConfigurationPlatforms) = postSolution
		{C14654EB-0F4A-4C9E-9984-93AC64CCEC28}.Debug|Any CPU.ActiveCfg = Debug|Any CPU
		{C14654EB-0F4A-4C9E-9984-93AC64CCEC28}.Debug|Any CPU.Build.0 = Debug|Any CPU
		{C14654EB-0F4A-4C9E-9984-93AC64CCEC28}.Release|Any CPU.ActiveCfg = Release|Any CPU
		{C14654EB-0F4A-4C9E-9984-93AC64CCEC28}.Release|Any CPU.Build.0 = Release|Any CPU
		{8D1901AC-5124-4342-B42B-39285F827FDA}.Debug|Any CPU.ActiveCfg = Debug|Any CPU
		{8D1901AC-5124-4342-B42B-39285F827FDA}.Debug|Any CPU.Build.0 = Debug|Any CPU
		{8D1901AC-5124-4342-B42B-39285F827FDA}.Release|Any CPU.ActiveCfg = Release|Any CPU
		{8D1901AC-5124-4342-B42B-39285F827FDA}.Release|Any CPU.Build.0 = Release|Any CPU
	EndGlobalSection
	GlobalSection(SolutionProperties) = preSolution
		HideSolutionNode = FALSE
	EndGlobalSection
	GlobalSection(ExtensibilityGlobals) = postSolution
		SolutionGuid = {46424D6A-4628-4D74-80CA-03D48069A131}
	EndGlobalSection
EndGlobal
